
Microsoft Visual Studio Solution File, Format Version 12.00
# Visual Studio Version 16
VisualStudioVersion = 16.0.31424.327
MinimumVisualStudioVersion = 10.0.40219.1
Project("{FAE04EC0-301F-11D3-BF4B-00C04F79EFBC}") = "Lab-4", "Lab-4\Lab-4.csproj", "{C3B933A5-552C-48B5-9862-36A725701518}"
EndProject
Project("{FAE04EC0-301F-11D3-BF4B-00C04F79EFBC}") = "LinearAlgebra", "LinearAlgebra\LinearAlgebra.csproj", "{51E08E50-707C-494A-9C0E-34DC35C0A454}"
EndProject
Project("{FAE04EC0-301F-11D3-BF4B-00C04F79EFBC}") = "IrisCalculator", "IrisCalculator\IrisCalculator.csproj", "{FB0AA769-90A9-4FE5-ACFA-B45921717CF7}"
EndProject
Global
	GlobalSection(SolutionConfigurationPlatforms) = preSolution
		Debug|Any CPU = Debug|Any CPU
		Release|Any CPU = Release|Any CPU
	EndGlobalSection
	GlobalSection(ProjectConfigurationPlatforms) = postSolution
		{C3B933A5-552C-48B5-9862-36A725701518}.Debug|Any CPU.ActiveCfg = Debug|Any CPU
		{C3B933A5-552C-48B5-9862-36A725701518}.Debug|Any CPU.Build.0 = Debug|Any CPU
		{C3B933A5-552C-48B5-9862-36A725701518}.Release|Any CPU.ActiveCfg = Release|Any CPU
		{C3B933A5-552C-48B5-9862-36A725701518}.Release|Any CPU.Build.0 = Release|Any CPU
		{51E08E50-707C-494A-9C0E-34DC35C0A454}.Debug|Any CPU.ActiveCfg = Debug|Any CPU
		{51E08E50-707C-494A-9C0E-34DC35C0A454}.Debug|Any CPU.Build.0 = Debug|Any CPU
		{51E08E50-707C-494A-9C0E-34DC35C0A454}.Release|Any CPU.ActiveCfg = Release|Any CPU
		{51E08E50-707C-494A-9C0E-34DC35C0A454}.Release|Any CPU.Build.0 = Release|Any CPU
		{FB0AA769-90A9-4FE5-ACFA-B45921717CF7}.Debug|Any CPU.ActiveCfg = Debug|Any CPU
		{FB0AA769-90A9-4FE5-ACFA-B45921717CF7}.Debug|Any CPU.Build.0 = Debug|Any CPU
		{FB0AA769-90A9-4FE5-ACFA-B45921717CF7}.Release|Any CPU.ActiveCfg = Release|Any CPU
		{FB0AA769-90A9-4FE5-ACFA-B45921717CF7}.Release|Any CPU.Build.0 = Release|Any CPU
	EndGlobalSection
	GlobalSection(SolutionProperties) = preSolution
		HideSolutionNode = FALSE
	EndGlobalSection
	GlobalSection(ExtensibilityGlobals) = postSolution
		SolutionGuid = {A0EC9B9C-8CCA-45DD-9F0F-826A8CAD5859}
	EndGlobalSection
EndGlobal
